PODS:
  - IQKeyboardManager (6.0.4)
  - NebPay (0.1.0)

DEPENDENCIES:
  - IQKeyboardManager
  - NebPay (from `https://github.com/yuzhouwww/neb.iOS.git`, branch `develop`)

SPEC REPOS:
  https://github.com/cocoapods/specs.git:
    - IQKeyboardManager

EXTERNAL SOURCES:
  NebPay:
    :branch: develop
    :git: https://github.com/yuzhouwww/neb.iOS.git

CHECKOUT OPTIONS:
  NebPay:
    :commit: 02b2b12617d64edc0c6e9ac8959ad95c6f38ed7d
    :git: https://github.com/yuzhouwww/neb.iOS.git

SPEC CHECKSUMS:
  IQKeyboardManager: 29514134ef0334a6fa33cf4eee11c36c064baeaf
  NebPay: 5cf8cc037240a2c2ba85f52a88dcf22af81df848

PODFILE CHECKSUM: 7911830dc5e8f88876bbca768170b6a51404f21c

COCOAPODS: 1.5.3
